# This file is automatically @generated by Cargo.
# It is not intended for manual editing.
version = 4

[[package]]
name = "fortress-ast"
version = "0.0.0"

[[package]]
name = "fortress-codegen"
version = "0.0.0"
dependencies = [
 "fortress-ast",
 "fortress-types",
]

[[package]]
name = "fortress-driver"
version = "0.0.0"
dependencies = [
 "fortress-ast",
 "fortress-codegen",
 "fortress-lexer",
 "fortress-parser",
 "fortress-types",
]

[[package]]
name = "fortress-lexer"
version = "0.0.0"
dependencies = [
 "fortress-ast",
]

[[package]]
name = "fortress-parser"
version = "0.0.0"
dependencies = [
 "fortress-ast",
 "fortress-lexer",
]

[[package]]
name = "fortress-types"
version = "0.0.0"
dependencies = [
 "fortress-ast",
]
